
Microsoft Visual Studio Solution File, Format Version 12.00
Project("{FAE04EC0-301F-11D3-BF4B-00C04F79EFBC}") = "CompanyDatabaseAPI", "src\CompanyDatabaseAPI\CompanyDatabaseAPI.csproj", "{7864503D-F7A4-4ED2-B2CE-2AF2E8F96D33}"
EndProject
Global
	GlobalSection(SolutionConfigurationPlatforms) = preSolution
		Debug|Any CPU = Debug|Any CPU
		Release|Any CPU = Release|Any CPU
	EndGlobalSection
	GlobalSection(ProjectConfigurationPlatforms) = postSolution
		{7864503D-F7A4-4ED2-B2CE-2AF2E8F96D33}.Debug|Any CPU.ActiveCfg = Debug|Any CPU
		{7864503D-F7A4-4ED2-B2CE-2AF2E8F96D33}.Debug|Any CPU.Build.0 = Debug|Any CPU
		{7864503D-F7A4-4ED2-B2CE-2AF2E8F96D33}.Release|Any CPU.ActiveCfg = Release|Any CPU
		{7864503D-F7A4-4ED2-B2CE-2AF2E8F96D33}.Release|Any CPU.Build.0 = Release|Any CPU
	EndGlobalSection
EndGlobal
